
Microsoft Visual Studio Solution File, Format Version 12.00
# Visual Studio Version 17
VisualStudioVersion = 17.12.35527.113 d17.12
MinimumVisualStudioVersion = 10.0.40219.1
Project("{FAE04EC0-301F-11D3-BF4B-00C04F79EFBC}") = "API", "API\API.csproj", "{6B0787EE-48F8-4059-8067-82F800F1ADFD}"
EndProject
Project("{FAE04EC0-301F-11D3-BF4B-00C04F79EFBC}") = "Application", "Application\Application.csproj", "{A002A6AC-F837-440F-AA51-5A0117BF0CC9}"
EndProject
Project("{FAE04EC0-301F-11D3-BF4B-00C04F79EFBC}") = "Domain", "Domain\Domain.csproj", "{AAE6C38C-D8ED-417D-BE8C-C99E9E14FEC1}"
EndProject
Project("{FAE04EC0-301F-11D3-BF4B-00C04F79EFBC}") = "Infrastructure", "Infrastructure\Infrastructure.csproj", "{71B5A715-0516-410A-B327-A38A9F61A8D2}"
EndProject
Global
	GlobalSection(SolutionConfigurationPlatforms) = preSolution
		Debug|Any CPU = Debug|Any CPU
		Release|Any CPU = Release|Any CPU
	EndGlobalSection
	GlobalSection(ProjectConfigurationPlatforms) = postSolution
		{6B0787EE-48F8-4059-8067-82F800F1ADFD}.Debug|Any CPU.ActiveCfg = Debug|Any CPU
		{6B0787EE-48F8-4059-8067-82F800F1ADFD}.Debug|Any CPU.Build.0 = Debug|Any CPU
		{6B0787EE-48F8-4059-8067-82F800F1ADFD}.Release|Any CPU.ActiveCfg = Release|Any CPU
		{6B0787EE-48F8-4059-8067-82F800F1ADFD}.Release|Any CPU.Build.0 = Release|Any CPU
		{A002A6AC-F837-440F-AA51-5A0117BF0CC9}.Debug|Any CPU.ActiveCfg = Debug|Any CPU
		{A002A6AC-F837-440F-AA51-5A0117BF0CC9}.Debug|Any CPU.Build.0 = Debug|Any CPU
		{A002A6AC-F837-440F-AA51-5A0117BF0CC9}.Release|Any CPU.ActiveCfg = Release|Any CPU
		{A002A6AC-F837-440F-AA51-5A0117BF0CC9}.Release|Any CPU.Build.0 = Release|Any CPU
		{AAE6C38C-D8ED-417D-BE8C-C99E9E14FEC1}.Debug|Any CPU.ActiveCfg = Debug|Any CPU
		{AAE6C38C-D8ED-417D-BE8C-C99E9E14FEC1}.Debug|Any CPU.Build.0 = Debug|Any CPU
		{AAE6C38C-D8ED-417D-BE8C-C99E9E14FEC1}.Release|Any CPU.ActiveCfg = Release|Any CPU
		{AAE6C38C-D8ED-417D-BE8C-C99E9E14FEC1}.Release|Any CPU.Build.0 = Release|Any CPU
		{71B5A715-0516-410A-B327-A38A9F61A8D2}.Debug|Any CPU.ActiveCfg = Debug|Any CPU
		{71B5A715-0516-410A-B327-A38A9F61A8D2}.Debug|Any CPU.Build.0 = Debug|Any CPU
		{71B5A715-0516-410A-B327-A38A9F61A8D2}.Release|Any CPU.ActiveCfg = Release|Any CPU
		{71B5A715-0516-410A-B327-A38A9F61A8D2}.Release|Any CPU.Build.0 = Release|Any CPU
	EndGlobalSection
	GlobalSection(SolutionProperties) = preSolution
		HideSolutionNode = FALSE
	EndGlobalSection
EndGlobal
